
Microsoft Visual Studio Solution File, Format Version 12.00
# Visual Studio Version 16
VisualStudioVersion = 16.0.30621.155
MinimumVisualStudioVersion = 10.0.40219.1
Project("{FAE04EC0-301F-11D3-BF4B-00C04F79EFBC}") = "PlatformGame", "PlatformGame\PlatformGame.csproj", "{5CAFF0C3-8CCC-4E24-AF60-6A7D256F9697}"
EndProject
Global
	GlobalSection(SolutionConfigurationPlatforms) = preSolution
		Debug|Any CPU = Debug|Any CPU
		Release|Any CPU = Release|Any CPU
	EndGlobalSection
	GlobalSection(ProjectConfigurationPlatforms) = postSolution
		{5CAFF0C3-8CCC-4E24-AF60-6A7D256F9697}.Debug|Any CPU.ActiveCfg = Debug|Any CPU
		{5CAFF0C3-8CCC-4E24-AF60-6A7D256F9697}.Debug|Any CPU.Build.0 = Debug|Any CPU
		{5CAFF0C3-8CCC-4E24-AF60-6A7D256F9697}.Release|Any CPU.ActiveCfg = Release|Any CPU
		{5CAFF0C3-8CCC-4E24-AF60-6A7D256F9697}.Release|Any CPU.Build.0 = Release|Any CPU
	EndGlobalSection
	GlobalSection(SolutionProperties) = preSolution
		HideSolutionNode = FALSE
	EndGlobalSection
	GlobalSection(ExtensibilityGlobals) = postSolution
		SolutionGuid = {18DA4AB8-15C5-498E-90F2-435BB1558659}
	EndGlobalSection
EndGlobal
